// !$*UTF8*$!
{
	archiveVersion = 1;
	classes = {
	};
	objectVersion = 46;
	objects = {

/* Begin PBXBuildFile section */
		85080C711F643E6900A349D3 /* cofinpro2.gif in Resources */ = {isa = PBXBuildFile; fileRef = 85080C701F643E6900A349D3 /* cofinpro2.gif */; };
		853E0A951F64377D00259B2B /* cofinpro.png in Resources */ = {isa = PBXBuildFile; fileRef = 853E0A941F64377D00259B2B /* cofinpro.png */; };
		856789B61F64251000FA6698 /* DataViewController.swift in Sources */ = {isa = PBXBuildFile; fileRef = 856789B31F64251000FA6698 /* DataViewController.swift */; };
		856789B71F64251000FA6698 /* ModelController.swift in Sources */ = {isa = PBXBuildFile; fileRef = 856789B41F64251000FA6698 /* ModelController.swift */; };
		856789B81F64251000FA6698 /* RootViewController.swift in Sources */ = {isa = PBXBuildFile; fileRef = 856789B51F64251000FA6698 /* RootViewController.swift */; };
		856789C51F6429E600FA6698 /* images in Resources */ = {isa = PBXBuildFile; fileRef = 856789C41F6429E600FA6698 /* images */; };
		85D8A8921F635C09008154A1 /* RatingTableViewCell.swift in Sources */ = {isa = PBXBuildFile; fileRef = 85D8A8911F635C09008154A1 /* RatingTableViewCell.swift */; };
		85DDF5411F62E80D00B88C32 /* AppDelegate.swift in Sources */ = {isa = PBXBuildFile; fileRef = 85DDF5401F62E80D00B88C32 /* AppDelegate.swift */; };
		85DDF5451F62E80D00B88C32 /* SecondViewController.swift in Sources */ = {isa = PBXBuildFile; fileRef = 85DDF5441F62E80D00B88C32 /* SecondViewController.swift */; };
		85DDF5481F62E80D00B88C32 /* Main.storyboard in Resources */ = {isa = PBXBuildFile; fileRef = 85DDF5461F62E80D00B88C32 /* Main.storyboard */; };
		85DDF54A1F62E80D00B88C32 /* Assets.xcassets in Resources */ = {isa = PBXBuildFile; fileRef = 85DDF5491F62E80D00B88C32 /* Assets.xcassets */; };
		85DDF54D1F62E80D00B88C32 /* LaunchScreen.storyboard in Resources */ = {isa = PBXBuildFile; fileRef = 85DDF54B1F62E80D00B88C32 /* LaunchScreen.storyboard */; };
		85DDF5591F6300AD00B88C32 /* Contact.swift in Sources */ = {isa = PBXBuildFile; fileRef = 85DDF5581F6300AD00B88C32 /* Contact.swift */; };
		85F1A0C91F63565E00EB50D3 /* Rating.swift in Sources */ = {isa = PBXBuildFile; fileRef = 85F1A0C81F63565E00EB50D3 /* Rating.swift */; };
		85F1A0CB1F63577400EB50D3 /* RatingTableViewController.swift in Sources */ = {isa = PBXBuildFile; fileRef = 85F1A0CA1F63577400EB50D3 /* RatingTableViewController.swift */; };
		85F1A0CF1F635AAB00EB50D3 /* CosmosDistrib.swift in Sources */ = {isa = PBXBuildFile; fileRef = 85F1A0CE1F635AAB00EB50D3 /* CosmosDistrib.swift */; };
		A4B469871F63D5F20070E0E0 /* JSsonFileHandler.swift in Sources */ = {isa = PBXBuildFile; fileRef = A4B469861F63D5F20070E0E0 /* JSsonFileHandler.swift */; };
/* End PBXBuildFile section */

/* Begin PBXFileReference section */
		85080C701F643E6900A349D3 /* cofinpro2.gif */ = {isa = PBXFileReference; lastKnownFileType = image.gif; path = cofinpro2.gif; sourceTree = "<group>"; };
		853E0A941F64377D00259B2B /* cofinpro.png */ = {isa = PBXFileReference; lastKnownFileType = image.png; path = cofinpro.png; sourceTree = "<group>"; };
		856789B31F64251000FA6698 /* DataViewController.swift */ = {isa = PBXFileReference; fileEncoding = 4; lastKnownFileType = sourcecode.swift; path = DataViewController.swift; sourceTree = "<group>"; };
		856789B41F64251000FA6698 /* ModelController.swift */ = {isa = PBXFileReference; fileEncoding = 4; lastKnownFileType = sourcecode.swift; path = ModelController.swift; sourceTree = "<group>"; };
		856789B51F64251000FA6698 /* RootViewController.swift */ = {isa = PBXFileReference; fileEncoding = 4; lastKnownFileType = sourcecode.swift; path = RootViewController.swift; sourceTree = "<group>"; };
		856789C01F6428B200FA6698 /* 1.jpg */ = {isa = PBXFileReference; lastKnownFileType = image.jpeg; path = 1.jpg; sourceTree = "<group>"; };
		856789C11F6428B200FA6698 /* 2.jpg */ = {isa = PBXFileReference; lastKnownFileType = image.jpeg; path = 2.jpg; sourceTree = "<group>"; };
		856789C41F6429E600FA6698 /* images */ = {isa = PBXFileReference; lastKnownFileType = folder; name = images; path = KontaktApp4/images; sourceTree = "<group>"; };
		85D8A8911F635C09008154A1 /* RatingTableViewCell.swift */ = {isa = PBXFileReference; fileEncoding = 4; lastKnownFileType = sourcecode.swift; path = RatingTableViewCell.swift; sourceTree = "<group>"; };
		85DDF53D1F62E80D00B88C32 /* KontaktApp4.app */ = {isa = PBXFileReference; explicitFileType = wrapper.application; includeInIndex = 0; path = KontaktApp4.app; sourceTree = BUILT_PRODUCTS_DIR; };
		85DDF5401F62E80D00B88C32 /* AppDelegate.swift */ = {isa = PBXFileReference; lastKnownFileType = sourcecode.swift; path = AppDelegate.swift; sourceTree = "<group>"; };
		85DDF5441F62E80D00B88C32 /* SecondViewController.swift */ = {isa = PBXFileReference; lastKnownFileType = sourcecode.swift; path = SecondViewController.swift; sourceTree = "<group>"; };
		85DDF5471F62E80D00B88C32 /* Base */ = {isa = PBXFileReference; lastKnownFileType = file.storyboard; name = Base; path = Base.lproj/Main.storyboard; sourceTree = "<group>"; };
		85DDF5491F62E80D00B88C32 /* Assets.xcassets */ = {isa = PBXFileReference; lastKnownFileType = folder.assetcatalog; path = Assets.xcassets; sourceTree = "<group>"; };
		85DDF54C1F62E80D00B88C32 /* Base */ = {isa = PBXFileReference; lastKnownFileType = file.storyboard; name = Base; path = Base.lproj/LaunchScreen.storyboard; sourceTree = "<group>"; };
		85DDF54E1F62E80D00B88C32 /* Info.plist */ = {isa = PBXFileReference; lastKnownFileType = text.plist.xml; path = Info.plist; sourceTree = "<group>"; };
		85DDF5581F6300AD00B88C32 /* Contact.swift */ = {isa = PBXFileReference; fileEncoding = 4; lastKnownFileType = sourcecode.swift; path = Contact.swift; sourceTree = "<group>"; };
		85F1A0C81F63565E00EB50D3 /* Rating.swift */ = {isa = PBXFileReference; fileEncoding = 4; lastKnownFileType = sourcecode.swift; path = Rating.swift; sourceTree = "<group>"; };
		85F1A0CA1F63577400EB50D3 /* RatingTableViewController.swift */ = {isa = PBXFileReference; fileEncoding = 4; lastKnownFileType = sourcecode.swift; path = RatingTableViewController.swift; sourceTree = "<group>"; };
		85F1A0CE1F635AAB00EB50D3 /* CosmosDistrib.swift */ = {isa = PBXFileReference; fileEncoding = 4; lastKnownFileType = sourcecode.swift; path = CosmosDistrib.swift; sourceTree = "<group>"; };
		A4B469861F63D5F20070E0E0 /* JSsonFileHandler.swift */ = {isa = PBXFileReference; fileEncoding = 4; lastKnownFileType = sourcecode.swift; path = JSsonFileHandler.swift; sourceTree = "<group>"; };
/* End PBXFileReference section */

/* Begin PBXFrameworksBuildPhase section */
		85DDF53A1F62E80D00B88C32 /* Frameworks */ = {
			isa = PBXFrameworksBuildPhase;
			buildActionMask = 2147483647;
			files = (
			);
			runOnlyForDeploymentPostprocessing = 0;
		};
/* End PBXFrameworksBuildPhase section */

/* Begin PBXGroup section */
		856789BB1F64262F00FA6698 /* images */ = {
			isa = PBXGroup;
			children = (
				85080C701F643E6900A349D3 /* cofinpro2.gif */,
				853E0A941F64377D00259B2B /* cofinpro.png */,
				856789C01F6428B200FA6698 /* 1.jpg */,
				856789C11F6428B200FA6698 /* 2.jpg */,
			);
			path = images;
			sourceTree = "<group>";
		};
		85DDF5341F62E80D00B88C32 = {
			isa = PBXGroup;
			children = (
				856789C41F6429E600FA6698 /* images */,
				85DDF53F1F62E80D00B88C32 /* KontaktApp4 */,
				85DDF53E1F62E80D00B88C32 /* Products */,
			);
			sourceTree = "<group>";
		};
		85DDF53E1F62E80D00B88C32 /* Products */ = {
			isa = PBXGroup;
			children = (
				85DDF53D1F62E80D00B88C32 /* KontaktApp4.app */,
			);
			name = Products;
			sourceTree = "<group>";
		};
		85DDF53F1F62E80D00B88C32 /* KontaktApp4 */ = {
			isa = PBXGroup;
			children = (
				856789BB1F64262F00FA6698 /* images */,
				856789B31F64251000FA6698 /* DataViewController.swift */,
				856789B41F64251000FA6698 /* ModelController.swift */,
				856789B51F64251000FA6698 /* RootViewController.swift */,
				A4B469861F63D5F20070E0E0 /* JSsonFileHandler.swift */,
				85D8A8911F635C09008154A1 /* RatingTableViewCell.swift */,
				85F1A0CE1F635AAB00EB50D3 /* CosmosDistrib.swift */,
				85DDF5581F6300AD00B88C32 /* Contact.swift */,
				85DDF5401F62E80D00B88C32 /* AppDelegate.swift */,
				85DDF5441F62E80D00B88C32 /* SecondViewController.swift */,
				85DDF5461F62E80D00B88C32 /* Main.storyboard */,
				85DDF5491F62E80D00B88C32 /* Assets.xcassets */,
				85DDF54B1F62E80D00B88C32 /* LaunchScreen.storyboard */,
				85DDF54E1F62E80D00B88C32 /* Info.plist */,
				85F1A0C81F63565E00EB50D3 /* Rating.swift */,
				85F1A0CA1F63577400EB50D3 /* RatingTableViewController.swift */,
			);
			path = KontaktApp4;
			sourceTree = "<group>";
		};
/* End PBXGroup section */

/* Begin PBXNativeTarget section */
		85DDF53C1F62E80D00B88C32 /* KontaktApp4 */ = {
			isa = PBXNativeTarget;
			buildConfigurationList = 85DDF5511F62E80D00B88C32 /* Build configuration list for PBXNativeTarget "KontaktApp4" */;
			buildPhases = (
				85DDF5391F62E80D00B88C32 /* Sources */,
				85DDF53A1F62E80D00B88C32 /* Frameworks */,
				85DDF53B1F62E80D00B88C32 /* Resources */,
			);
			buildRules = (
			);
			dependencies = (
			);
			name = KontaktApp4;
			productName = KontaktApp4;
			productReference = 85DDF53D1F62E80D00B88C32 /* KontaktApp4.app */;
			productType = "com.apple.product-type.application";
		};
/* End PBXNativeTarget section */

/* Begin PBXProject section */
		85DDF5351F62E80D00B88C32 /* Project object */ = {
			isa = PBXProject;
			attributes = {
				LastSwiftUpdateCheck = 0830;
				LastUpgradeCheck = 0830;
				ORGANIZATIONNAME = "Daniel Corak";
				TargetAttributes = {
					85DDF53C1F62E80D00B88C32 = {
						CreatedOnToolsVersion = 8.3.3;
						DevelopmentTeam = 8548RW2T43;
						ProvisioningStyle = Automatic;
					};
				};
			};
			buildConfigurationList = 85DDF5381F62E80D00B88C32 /* Build configuration list for PBXProject "KontaktApp4" */;
			compatibilityVersion = "Xcode 3.2";
			developmentRegion = English;
			hasScannedForEncodings = 0;
			knownRegions = (
				en,
				Base,
			);
			mainGroup = 85DDF5341F62E80D00B88C32;
			productRefGroup = 85DDF53E1F62E80D00B88C32 /* Products */;
			projectDirPath = "";
			projectRoot = "";
			targets = (
				85DDF53C1F62E80D00B88C32 /* KontaktApp4 */,
			);
		};
/* End PBXProject section */

/* Begin PBXResourcesBuildPhase section */
		85DDF53B1F62E80D00B88C32 /* Resources */ = {
			isa = PBXResourcesBuildPhase;
			buildActionMask = 2147483647;
			files = (
				856789C51F6429E600FA6698 /* images in Resources */,
				85080C711F643E6900A349D3 /* cofinpro2.gif in Resources */,
				85DDF54D1F62E80D00B88C32 /* LaunchScreen.storyboard in Resources */,
				85DDF54A1F62E80D00B88C32 /* Assets.xcassets in Resources */,
				853E0A951F64377D00259B2B /* cofinpro.png in Resources */,
				85DDF5481F62E80D00B88C32 /* Main.storyboard in Resources */,
			);
			runOnlyForDeploymentPostprocessing = 0;
		};
/* End PBXResourcesBuildPhase section */

/* Begin PBXSourcesBuildPhase section */
		85DDF5391F62E80D00B88C32 /* Sources */ = {
			isa = PBXSourcesBuildPhase;
			buildActionMask = 2147483647;
			files = (
				85DDF5451F62E80D00B88C32 /* SecondViewController.swift in Sources */,
				856789B71F64251000FA6698 /* ModelController.swift in Sources */,
				856789B61F64251000FA6698 /* DataViewController.swift in Sources */,
				856789B81F64251000FA6698 /* RootViewController.swift in Sources */,
				85DDF5411F62E80D00B88C32 /* AppDelegate.swift in Sources */,
				85DDF5591F6300AD00B88C32 /* Contact.swift in Sources */,
				85F1A0CF1F635AAB00EB50D3 /* CosmosDistrib.swift in Sources */,
				A4B469871F63D5F20070E0E0 /* JSsonFileHandler.swift in Sources */,
				85D8A8921F635C09008154A1 /* RatingTableViewCell.swift in Sources */,
				85F1A0CB1F63577400EB50D3 /* RatingTableViewController.swift in Sources */,
				85F1A0C91F63565E00EB50D3 /* Rating.swift in Sources */,
			);
			runOnlyForDeploymentPostprocessing = 0;
		};
/* End PBXSourcesBuildPhase section */

/* Begin PBXVariantGroup section */
		85DDF5461F62E80D00B88C32 /* Main.storyboard */ = {
			isa = PBXVariantGroup;
			children = (
				85DDF5471F62E80D00B88C32 /* Base */,
			);
			name = Main.storyboard;
			sourceTree = "<group>";
		};
		85DDF54B1F62E80D00B88C32 /* LaunchScreen.storyboard */ = {
			isa = PBXVariantGroup;
			children = (
				85DDF54C1F62E80D00B88C32 /* Base */,
			);
			name = LaunchScreen.storyboard;
			sourceTree = "<group>";
		};
/* End PBXVariantGroup section */

/* Begin XCBuildConfiguration section */
		85DDF54F1F62E80D00B88C32 /* Debug */ = {
			isa = XCBuildConfiguration;
			buildSettings = {
				ALWAYS_SEARCH_USER_PATHS = NO;
				CLANG_ANALYZER_NONNULL = YES;
				CLANG_ANALYZER_NUMBER_OBJECT_CONVERSION = YES_AGGRESSIVE;
				CLANG_CXX_LANGUAGE_STANDARD = "gnu++0x";
				CLANG_CXX_LIBRARY = "libc++";
				CLANG_ENABLE_MODULES = YES;
				CLANG_ENABLE_OBJC_ARC = YES;
				CLANG_WARN_BOOL_CONVERSION = YES;
				CLANG_WARN_CONSTANT_CONVERSION = YES;
				CLANG_WARN_DIRECT_OBJC_ISA_USAGE = YES_ERROR;
				CLANG_WARN_DOCUMENTATION_COMMENTS = YES;
				CLANG_WARN_EMPTY_BODY = YES;
				CLANG_WARN_ENUM_CONVERSION = YES;
				CLANG_WARN_INFINITE_RECURSION = YES;
				CLANG_WARN_INT_CONVERSION = YES;
				CLANG_WARN_OBJC_ROOT_CLASS = YES_ERROR;
				CLANG_WARN_SUSPICIOUS_MOVE = YES;
				CLANG_WARN_UNREACHABLE_CODE = YES;
				CLANG_WARN__DUPLICATE_METHOD_MATCH = YES;
				"CODE_SIGN_IDENTITY[sdk=iphoneos*]" = "iPhone Developer";
				COPY_PHASE_STRIP = NO;
				DEBUG_INFORMATION_FORMAT = dwarf;
				ENABLE_STRICT_OBJC_MSGSEND = YES;
				ENABLE_TESTABILITY = YES;
				GCC_C_LANGUAGE_STANDARD = gnu99;
				GCC_DYNAMIC_NO_PIC = NO;
				GCC_NO_COMMON_BLOCKS = YES;
				GCC_OPTIMIZATION_LEVEL = 0;
				GCC_PREPROCESSOR_DEFINITIONS = (
					"DEBUG=1",
					"$(inherited)",
				);
				GCC_WARN_64_TO_32_BIT_CONVERSION = YES;
				GCC_WARN_ABOUT_RETURN_TYPE = YES_ERROR;
				GCC_WARN_UNDECLARED_SELECTOR = YES;
				GCC_WARN_UNINITIALIZED_AUTOS = YES_AGGRESSIVE;
				GCC_WARN_UNUSED_FUNCTION = YES;
				GCC_WARN_UNUSED_VARIABLE = YES;
				IPHONEOS_DEPLOYMENT_TARGET = 10.3;
				MTL_ENABLE_DEBUG_INFO = YES;
				ONLY_ACTIVE_ARCH = YES;
				SDKROOT = iphoneos;
				SWIFT_ACTIVE_COMPILATION_CONDITIONS = DEBUG;
				SWIFT_OPTIMIZATION_LEVEL = "-Onone";
				TARGETED_DEVICE_FAMILY = 2;
			};
			name = Debug;
		};
		85DDF5501F62E80D00B88C32 /* Release */ = {
			isa = XCBuildConfiguration;
			buildSettings = {
				ALWAYS_SEARCH_USER_PATHS = NO;
				CLANG_ANALYZER_NONNULL = YES;
				CLANG_ANALYZER_NUMBER_OBJECT_CONVERSION = YES_AGGRESSIVE;
				CLANG_CXX_LANGUAGE_STANDARD = "gnu++0x";
				CLANG_CXX_LIBRARY = "libc++";
				CLANG_ENABLE_MODULES = YES;
				CLANG_ENABLE_OBJC_ARC = YES;
				CLANG_WARN_BOOL_CONVERSION = YES;
				CLANG_WARN_CONSTANT_CONVERSION = YES;
				CLANG_WARN_DIRECT_OBJC_ISA_USAGE = YES_ERROR;
				CLANG_WARN_DOCUMENTATION_COMMENTS = YES;
				CLANG_WARN_EMPTY_BODY = YES;
				CLANG_WARN_ENUM_CONVERSION = YES;
				CLANG_WARN_INFINITE_RECURSION = YES;
				CLANG_WARN_INT_CONVERSION = YES;
				CLANG_WARN_OBJC_ROOT_CLASS = YES_ERROR;
				CLANG_WARN_SUSPICIOUS_MOVE = YES;
				CLANG_WARN_UNREACHABLE_CODE = YES;
				CLANG_WARN__DUPLICATE_METHOD_MATCH = YES;
				"CODE_SIGN_IDENTITY[sdk=iphoneos*]" = "iPhone Developer";
				COPY_PHASE_STRIP = NO;
				DEBUG_INFORMATION_FORMAT = "dwarf-with-dsym";
				ENABLE_NS_ASSERTIONS = NO;
				ENABLE_STRICT_OBJC_MSGSEND = YES;
				GCC_C_LANGUAGE_STANDARD = gnu99;
				GCC_NO_COMMON_BLOCKS = YES;
				GCC_WARN_64_TO_32_BIT_CONVERSION = YES;
				GCC_WARN_ABOUT_RETURN_TYPE = YES_ERROR;
				GCC_WARN_UNDECLARED_SELECTOR = YES;
				GCC_WARN_UNINITIALIZED_AUTOS = YES_AGGRESSIVE;
				GCC_WARN_UNUSED_FUNCTION = YES;
				GCC_WARN_UNUSED_VARIABLE = YES;
				IPHONEOS_DEPLOYMENT_TARGET = 10.3;
				MTL_ENABLE_DEBUG_INFO = NO;
				SDKROOT = iphoneos;
				SWIFT_OPTIMIZATION_LEVEL = "-Owholemodule";
				TARGETED_DEVICE_FAMILY = 2;
				VALIDATE_PRODUCT = YES;
			};
			name = Release;
		};
		85DDF5521F62E80D00B88C32 /* Debug */ = {
			isa = XCBuildConfiguration;
			buildSettings = {
				ASSETCATALOG_COMPILER_APPICON_NAME = AppIcon;
				DEVELOPMENT_TEAM = 8548RW2T43;
				INFOPLIST_FILE = KontaktApp4/Info.plist;
				LD_RUNPATH_SEARCH_PATHS = "$(inherited) @executable_path/Frameworks";
				PRODUCT_BUNDLE_IDENTIFIER = me.dani.KontaktApp4;
				PRODUCT_NAME = "$(TARGET_NAME)";
				SWIFT_VERSION = 3.0;
			};
			name = Debug;
		};
		85DDF5531F62E80D00B88C32 /* Release */ = {
			isa = XCBuildConfiguration;
			buildSettings = {
				ASSETCATALOG_COMPILER_APPICON_NAME = AppIcon;
				DEVELOPMENT_TEAM = 8548RW2T43;
				INFOPLIST_FILE = KontaktApp4/Info.plist;
				LD_RUNPATH_SEARCH_PATHS = "$(inherited) @executable_path/Frameworks";
				PRODUCT_BUNDLE_IDENTIFIER = me.dani.KontaktApp4;
				PRODUCT_NAME = "$(TARGET_NAME)";
				SWIFT_VERSION = 3.0;
			};
			name = Release;
		};
/* End XCBuildConfiguration section */

/* Begin XCConfigurationList section */
		85DDF5381F62E80D00B88C32 /* Build configuration list for PBXProject "KontaktApp4" */ = {
			isa = XCConfigurationList;
			buildConfigurations = (
				85DDF54F1F62E80D00B88C32 /* Debug */,
				85DDF5501F62E80D00B88C32 /* Release */,
			);
			defaultConfigurationIsVisible = 0;
			defaultConfigurationName = Release;
		};
		85DDF5511F62E80D00B88C32 /* Build configuration list for PBXNativeTarget "KontaktApp4" */ = {
			isa = XCConfigurationList;
			buildConfigurations = (
				85DDF5521F62E80D00B88C32 /* Debug */,
				85DDF5531F62E80D00B88C32 /* Release */,
			);
			defaultConfigurationIsVisible = 0;
			defaultConfigurationName = Release;
		};
/* End XCConfigurationList section */
	};
	rootObject = 85DDF5351F62E80D00B88C32 /* Project object */;
}
